{
  "name": "resum-resume",
  "version": "1.0.0",
  "lockfileVersion": 3,
  "requires": true,
  "packages": {
    "": {
      "name": "resum-resume",
      "version": "1.0.0",
      "license": "ISC",
      "dependencies": {
        "resum-resume": "file:"
      }
    },
    "node_modules/resum-resume": {
      "resolved": "",
      "link": true
    }
  }
}
